// !$*UTF8*$!
{
	archiveVersion = 1;
	classes = {
	};
	objectVersion = 55;
	objects = {

/* Begin PBXBuildFile section */
		5BD4A25A283D34F500BCFE65 /* PhotoDataSource.swift in Sources */ = {isa = PBXBuildFile; fileRef = 5BD4A259283D34F500BCFE65 /* PhotoDataSource.swift */; };
		5BD4A25C283D3F2A00BCFE65 /* UIHelper.swift in Sources */ = {isa = PBXBuildFile; fileRef = 5BD4A25B283D3F2A00BCFE65 /* UIHelper.swift */; };
		5BD4A260283D471E00BCFE65 /* PhotoCell.swift in Sources */ = {isa = PBXBuildFile; fileRef = 5BD4A25F283D471E00BCFE65 /* PhotoCell.swift */; };
		5BD4A265283E5CF900BCFE65 /* PhotoDetailVC.swift in Sources */ = {isa = PBXBuildFile; fileRef = 5BD4A264283E5CF900BCFE65 /* PhotoDetailVC.swift */; };
		5BE6D9D12833D52C00FD603F /* AppDelegate.swift in Sources */ = {isa = PBXBuildFile; fileRef = 5BE6D9D02833D52C00FD603F /* AppDelegate.swift */; };
		5BE6D9D52833D52C00FD603F /* ViewController.swift in Sources */ = {isa = PBXBuildFile; fileRef = 5BE6D9D42833D52C00FD603F /* ViewController.swift */; };
		5BE6D9D82833D52C00FD603F /* Main.storyboard in Resources */ = {isa = PBXBuildFile; fileRef = 5BE6D9D62833D52C00FD603F /* Main.storyboard */; };
		5BE6D9DA2833D52C00FD603F /* Assets.xcassets in Resources */ = {isa = PBXBuildFile; fileRef = 5BE6D9D92833D52C00FD603F /* Assets.xcassets */; };
		5BE6D9E62833D91400FD603F /* FlickrEndPoint.swift in Sources */ = {isa = PBXBuildFile; fileRef = 5BE6D9E52833D91400FD603F /* FlickrEndPoint.swift */; };
		5BE6D9E92833DD2200FD603F /* FlickrResponse.swift in Sources */ = {isa = PBXBuildFile; fileRef = 5BE6D9E82833DD2200FD603F /* FlickrResponse.swift */; };
		5BE6D9EB2833DD3800FD603F /* FlickrPhoto.swift in Sources */ = {isa = PBXBuildFile; fileRef = 5BE6D9EA2833DD3800FD603F /* FlickrPhoto.swift */; };
		5BE6D9ED2833E03700FD603F /* NetworkManager.swift in Sources */ = {isa = PBXBuildFile; fileRef = 5BE6D9EC2833E03700FD603F /* NetworkManager.swift */; };
/* End PBXBuildFile section */

/* Begin PBXFileReference section */
		5BD4A259283D34F500BCFE65 /* PhotoDataSource.swift */ = {isa = PBXFileReference; lastKnownFileType = sourcecode.swift; path = PhotoDataSource.swift; sourceTree = "<group>"; };
		5BD4A25B283D3F2A00BCFE65 /* UIHelper.swift */ = {isa = PBXFileReference; lastKnownFileType = sourcecode.swift; path = UIHelper.swift; sourceTree = "<group>"; };
		5BD4A25F283D471E00BCFE65 /* PhotoCell.swift */ = {isa = PBXFileReference; lastKnownFileType = sourcecode.swift; path = PhotoCell.swift; sourceTree = "<group>"; };
		5BD4A264283E5CF900BCFE65 /* PhotoDetailVC.swift */ = {isa = PBXFileReference; lastKnownFileType = sourcecode.swift; path = PhotoDetailVC.swift; sourceTree = "<group>"; };
		5BE6D9CD2833D52C00FD603F /* FlickrAPI.app */ = {isa = PBXFileReference; explicitFileType = wrapper.application; includeInIndex = 0; path = FlickrAPI.app; sourceTree = BUILT_PRODUCTS_DIR; };
		5BE6D9D02833D52C00FD603F /* AppDelegate.swift */ = {isa = PBXFileReference; lastKnownFileType = sourcecode.swift; path = AppDelegate.swift; sourceTree = "<group>"; };
		5BE6D9D42833D52C00FD603F /* ViewController.swift */ = {isa = PBXFileReference; lastKnownFileType = sourcecode.swift; path = ViewController.swift; sourceTree = "<group>"; };
		5BE6D9D72833D52C00FD603F /* Base */ = {isa = PBXFileReference; lastKnownFileType = file.storyboard; name = Base; path = Base.lproj/Main.storyboard; sourceTree = "<group>"; };
		5BE6D9D92833D52C00FD603F /* Assets.xcassets */ = {isa = PBXFileReference; lastKnownFileType = folder.assetcatalog; path = Assets.xcassets; sourceTree = "<group>"; };
		5BE6D9DE2833D52C00FD603F /* Info.plist */ = {isa = PBXFileReference; lastKnownFileType = text.plist.xml; path = Info.plist; sourceTree = "<group>"; };
		5BE6D9E52833D91400FD603F /* FlickrEndPoint.swift */ = {isa = PBXFileReference; lastKnownFileType = sourcecode.swift; path = FlickrEndPoint.swift; sourceTree = "<group>"; };
		5BE6D9E82833DD2200FD603F /* FlickrResponse.swift */ = {isa = PBXFileReference; lastKnownFileType = sourcecode.swift; path = FlickrResponse.swift; sourceTree = "<group>"; };
		5BE6D9EA2833DD3800FD603F /* FlickrPhoto.swift */ = {isa = PBXFileReference; lastKnownFileType = sourcecode.swift; path = FlickrPhoto.swift; sourceTree = "<group>"; };
		5BE6D9EC2833E03700FD603F /* NetworkManager.swift */ = {isa = PBXFileReference; lastKnownFileType = sourcecode.swift; path = NetworkManager.swift; sourceTree = "<group>"; };
/* End PBXFileReference section */

/* Begin PBXFrameworksBuildPhase section */
		5BE6D9CA2833D52C00FD603F /* Frameworks */ = {
			isa = PBXFrameworksBuildPhase;
			buildActionMask = 2147483647;
			files = (
			);
			runOnlyForDeploymentPostprocessing = 0;
		};
/* End PBXFrameworksBuildPhase section */

/* Begin PBXGroup section */
		5BD4A258283D34DC00BCFE65 /* Model */ = {
			isa = PBXGroup;
			children = (
				5BD4A259283D34F500BCFE65 /* PhotoDataSource.swift */,
				5BE6D9EA2833DD3800FD603F /* FlickrPhoto.swift */,
			);
			path = Model;
			sourceTree = "<group>";
		};
		5BD4A25D283D45EF00BCFE65 /* Utility */ = {
			isa = PBXGroup;
			children = (
				5BD4A25B283D3F2A00BCFE65 /* UIHelper.swift */,
			);
			path = Utility;
			sourceTree = "<group>";
		};
		5BD4A25E283D46BD00BCFE65 /* Controller */ = {
			isa = PBXGroup;
			children = (
				5BE6D9D42833D52C00FD603F /* ViewController.swift */,
				5BD4A264283E5CF900BCFE65 /* PhotoDetailVC.swift */,
			);
			path = Controller;
			sourceTree = "<group>";
		};
		5BD4A261283D472300BCFE65 /* View */ = {
			isa = PBXGroup;
			children = (
				5BD4A25F283D471E00BCFE65 /* PhotoCell.swift */,
			);
			path = View;
			sourceTree = "<group>";
		};
		5BE6D9C42833D52C00FD603F = {
			isa = PBXGroup;
			children = (
				5BE6D9CF2833D52C00FD603F /* FlickrAPI */,
				5BE6D9CE2833D52C00FD603F /* Products */,
			);
			sourceTree = "<group>";
		};
		5BE6D9CE2833D52C00FD603F /* Products */ = {
			isa = PBXGroup;
			children = (
				5BE6D9CD2833D52C00FD603F /* FlickrAPI.app */,
			);
			name = Products;
			sourceTree = "<group>";
		};
		5BE6D9CF2833D52C00FD603F /* FlickrAPI */ = {
			isa = PBXGroup;
			children = (
				5BE6D9D02833D52C00FD603F /* AppDelegate.swift */,
				5BD4A25D283D45EF00BCFE65 /* Utility */,
				5BD4A261283D472300BCFE65 /* View */,
				5BD4A25E283D46BD00BCFE65 /* Controller */,
				5BD4A258283D34DC00BCFE65 /* Model */,
				5BE6D9E72833D91B00FD603F /* Networking */,
				5BE6D9E42833D58300FD603F /* Support */,
			);
			path = FlickrAPI;
			sourceTree = "<group>";
		};
		5BE6D9E42833D58300FD603F /* Support */ = {
			isa = PBXGroup;
			children = (
				5BE6D9D92833D52C00FD603F /* Assets.xcassets */,
				5BE6D9D62833D52C00FD603F /* Main.storyboard */,
				5BE6D9DE2833D52C00FD603F /* Info.plist */,
			);
			path = Support;
			sourceTree = "<group>";
		};
		5BE6D9E72833D91B00FD603F /* Networking */ = {
			isa = PBXGroup;
			children = (
				5BE6D9EC2833E03700FD603F /* NetworkManager.swift */,
				5BE6D9E52833D91400FD603F /* FlickrEndPoint.swift */,
				5BE6D9E82833DD2200FD603F /* FlickrResponse.swift */,
			);
			path = Networking;
			sourceTree = "<group>";
		};
/* End PBXGroup section */

/* Begin PBXNativeTarget section */
		5BE6D9CC2833D52C00FD603F /* FlickrAPI */ = {
			isa = PBXNativeTarget;
			buildConfigurationList = 5BE6D9E12833D52C00FD603F /* Build configuration list for PBXNativeTarget "FlickrAPI" */;
			buildPhases = (
				5BE6D9C92833D52C00FD603F /* Sources */,
				5BE6D9CA2833D52C00FD603F /* Frameworks */,
				5BE6D9CB2833D52C00FD603F /* Resources */,
			);
			buildRules = (
			);
			dependencies = (
			);
			name = FlickrAPI;
			productName = FlickrAPI;
			productReference = 5BE6D9CD2833D52C00FD603F /* FlickrAPI.app */;
			productType = "com.apple.product-type.application";
		};
/* End PBXNativeTarget section */

/* Begin PBXProject section */
		5BE6D9C52833D52C00FD603F /* Project object */ = {
			isa = PBXProject;
			attributes = {
				BuildIndependentTargetsInParallel = 1;
				LastSwiftUpdateCheck = 1330;
				LastUpgradeCheck = 1330;
				TargetAttributes = {
					5BE6D9CC2833D52C00FD603F = {
						CreatedOnToolsVersion = 13.3.1;
					};
				};
			};
			buildConfigurationList = 5BE6D9C82833D52C00FD603F /* Build configuration list for PBXProject "FlickrAPI" */;
			compatibilityVersion = "Xcode 13.0";
			developmentRegion = en;
			hasScannedForEncodings = 0;
			knownRegions = (
				en,
				Base,
			);
			mainGroup = 5BE6D9C42833D52C00FD603F;
			productRefGroup = 5BE6D9CE2833D52C00FD603F /* Products */;
			projectDirPath = "";
			projectRoot = "";
			targets = (
				5BE6D9CC2833D52C00FD603F /* FlickrAPI */,
			);
		};
/* End PBXProject section */

/* Begin PBXResourcesBuildPhase section */
		5BE6D9CB2833D52C00FD603F /* Resources */ = {
			isa = PBXResourcesBuildPhase;
			buildActionMask = 2147483647;
			files = (
				5BE6D9DA2833D52C00FD603F /* Assets.xcassets in Resources */,
				5BE6D9D82833D52C00FD603F /* Main.storyboard in Resources */,
			);
			runOnlyForDeploymentPostprocessing = 0;
		};
/* End PBXResourcesBuildPhase section */

/* Begin PBXSourcesBuildPhase section */
		5BE6D9C92833D52C00FD603F /* Sources */ = {
			isa = PBXSourcesBuildPhase;
			buildActionMask = 2147483647;
			files = (
				5BE6D9ED2833E03700FD603F /* NetworkManager.swift in Sources */,
				5BD4A260283D471E00BCFE65 /* PhotoCell.swift in Sources */,
				5BD4A265283E5CF900BCFE65 /* PhotoDetailVC.swift in Sources */,
				5BD4A25A283D34F500BCFE65 /* PhotoDataSource.swift in Sources */,
				5BE6D9D52833D52C00FD603F /* ViewController.swift in Sources */,
				5BE6D9E92833DD2200FD603F /* FlickrResponse.swift in Sources */,
				5BE6D9E62833D91400FD603F /* FlickrEndPoint.swift in Sources */,
				5BE6D9EB2833DD3800FD603F /* FlickrPhoto.swift in Sources */,
				5BE6D9D12833D52C00FD603F /* AppDelegate.swift in Sources */,
				5BD4A25C283D3F2A00BCFE65 /* UIHelper.swift in Sources */,
			);
			runOnlyForDeploymentPostprocessing = 0;
		};
/* End PBXSourcesBuildPhase section */

/* Begin PBXVariantGroup section */
		5BE6D9D62833D52C00FD603F /* Main.storyboard */ = {
			isa = PBXVariantGroup;
			children = (
				5BE6D9D72833D52C00FD603F /* Base */,
			);
			name = Main.storyboard;
			sourceTree = "<group>";
		};
/* End PBXVariantGroup section */

/* Begin XCBuildConfiguration section */
		5BE6D9DF2833D52C00FD603F /* Debug */ = {
			isa = XCBuildConfiguration;
			buildSettings = {
				ALWAYS_SEARCH_USER_PATHS = NO;
				CLANG_ANALYZER_NONNULL = YES;
				CLANG_ANALYZER_NUMBER_OBJECT_CONVERSION = YES_AGGRESSIVE;
				CLANG_CXX_LANGUAGE_STANDARD = "gnu++17";
				CLANG_ENABLE_MODULES = YES;
				CLANG_ENABLE_OBJC_ARC = YES;
				CLANG_ENABLE_OBJC_WEAK = YES;
				CLANG_WARN_BLOCK_CAPTURE_AUTORELEASING = YES;
				CLANG_WARN_BOOL_CONVERSION = YES;
				CLANG_WARN_COMMA = YES;
				CLANG_WARN_CONSTANT_CONVERSION = YES;
				CLANG_WARN_DEPRECATED_OBJC_IMPLEMENTATIONS = YES;
				CLANG_WARN_DIRECT_OBJC_ISA_USAGE = YES_ERROR;
				CLANG_WARN_DOCUMENTATION_COMMENTS = YES;
				CLANG_WARN_EMPTY_BODY = YES;
				CLANG_WARN_ENUM_CONVERSION = YES;
				CLANG_WARN_INFINITE_RECURSION = YES;
				CLANG_WARN_INT_CONVERSION = YES;
				CLANG_WARN_NON_LITERAL_NULL_CONVERSION = YES;
				CLANG_WARN_OBJC_IMPLICIT_RETAIN_SELF = YES;
				CLANG_WARN_OBJC_LITERAL_CONVERSION = YES;
				CLANG_WARN_OBJC_ROOT_CLASS = YES_ERROR;
				CLANG_WARN_QUOTED_INCLUDE_IN_FRAMEWORK_HEADER = YES;
				CLANG_WARN_RANGE_LOOP_ANALYSIS = YES;
				CLANG_WARN_STRICT_PROTOTYPES = YES;
				CLANG_WARN_SUSPICIOUS_MOVE = YES;
				CLANG_WARN_UNGUARDED_AVAILABILITY = YES_AGGRESSIVE;
				CLANG_WARN_UNREACHABLE_CODE = YES;
				CLANG_WARN__DUPLICATE_METHOD_MATCH = YES;
				COPY_PHASE_STRIP = NO;
				DEBUG_INFORMATION_FORMAT = dwarf;
				ENABLE_STRICT_OBJC_MSGSEND = YES;
				ENABLE_TESTABILITY = YES;
				GCC_C_LANGUAGE_STANDARD = gnu11;
				GCC_DYNAMIC_NO_PIC = NO;
				GCC_NO_COMMON_BLOCKS = YES;
				GCC_OPTIMIZATION_LEVEL = 0;
				GCC_PREPROCESSOR_DEFINITIONS = (
					"DEBUG=1",
					"$(inherited)",
				);
				GCC_WARN_64_TO_32_BIT_CONVERSION = YES;
				GCC_WARN_ABOUT_RETURN_TYPE = YES_ERROR;
				GCC_WARN_UNDECLARED_SELECTOR = YES;
				GCC_WARN_UNINITIALIZED_AUTOS = YES_AGGRESSIVE;
				GCC_WARN_UNUSED_FUNCTION = YES;
				GCC_WARN_UNUSED_VARIABLE = YES;
				IPHONEOS_DEPLOYMENT_TARGET = 14.0;
				MTL_ENABLE_DEBUG_INFO = INCLUDE_SOURCE;
				MTL_FAST_MATH = YES;
				ONLY_ACTIVE_ARCH = YES;
				SDKROOT = iphoneos;
				SWIFT_ACTIVE_COMPILATION_CONDITIONS = DEBUG;
				SWIFT_OPTIMIZATION_LEVEL = "-Onone";
			};
			name = Debug;
		};
		5BE6D9E02833D52C00FD603F /* Release */ = {
			isa = XCBuildConfiguration;
			buildSettings = {
				ALWAYS_SEARCH_USER_PATHS = NO;
				CLANG_ANALYZER_NONNULL = YES;
				CLANG_ANALYZER_NUMBER_OBJECT_CONVERSION = YES_AGGRESSIVE;
				CLANG_CXX_LANGUAGE_STANDARD = "gnu++17";
				CLANG_ENABLE_MODULES = YES;
				CLANG_ENABLE_OBJC_ARC = YES;
				CLANG_ENABLE_OBJC_WEAK = YES;
				CLANG_WARN_BLOCK_CAPTURE_AUTORELEASING = YES;
				CLANG_WARN_BOOL_CONVERSION = YES;
				CLANG_WARN_COMMA = YES;
				CLANG_WARN_CONSTANT_CONVERSION = YES;
				CLANG_WARN_DEPRECATED_OBJC_IMPLEMENTATIONS = YES;
				CLANG_WARN_DIRECT_OBJC_ISA_USAGE = YES_ERROR;
				CLANG_WARN_DOCUMENTATION_COMMENTS = YES;
				CLANG_WARN_EMPTY_BODY = YES;
				CLANG_WARN_ENUM_CONVERSION = YES;
				CLANG_WARN_INFINITE_RECURSION = YES;
				CLANG_WARN_INT_CONVERSION = YES;
				CLANG_WARN_NON_LITERAL_NULL_CONVERSION = YES;
				CLANG_WARN_OBJC_IMPLICIT_RETAIN_SELF = YES;
				CLANG_WARN_OBJC_LITERAL_CONVERSION = YES;
				CLANG_WARN_OBJC_ROOT_CLASS = YES_ERROR;
				CLANG_WARN_QUOTED_INCLUDE_IN_FRAMEWORK_HEADER = YES;
				CLANG_WARN_RANGE_LOOP_ANALYSIS = YES;
				CLANG_WARN_STRICT_PROTOTYPES = YES;
				CLANG_WARN_SUSPICIOUS_MOVE = YES;
				CLANG_WARN_UNGUARDED_AVAILABILITY = YES_AGGRESSIVE;
				CLANG_WARN_UNREACHABLE_CODE = YES;
				CLANG_WARN__DUPLICATE_METHOD_MATCH = YES;
				COPY_PHASE_STRIP = NO;
				DEBUG_INFORMATION_FORMAT = "dwarf-with-dsym";
				ENABLE_NS_ASSERTIONS = NO;
				ENABLE_STRICT_OBJC_MSGSEND = YES;
				GCC_C_LANGUAGE_STANDARD = gnu11;
				GCC_NO_COMMON_BLOCKS = YES;
				GCC_WARN_64_TO_32_BIT_CONVERSION = YES;
				GCC_WARN_ABOUT_RETURN_TYPE = YES_ERROR;
				GCC_WARN_UNDECLARED_SELECTOR = YES;
				GCC_WARN_UNINITIALIZED_AUTOS = YES_AGGRESSIVE;
				GCC_WARN_UNUSED_FUNCTION = YES;
				GCC_WARN_UNUSED_VARIABLE = YES;
				IPHONEOS_DEPLOYMENT_TARGET = 14.0;
				MTL_ENABLE_DEBUG_INFO = NO;
				MTL_FAST_MATH = YES;
				SDKROOT = iphoneos;
				SWIFT_COMPILATION_MODE = wholemodule;
				SWIFT_OPTIMIZATION_LEVEL = "-O";
				VALIDATE_PRODUCT = YES;
			};
			name = Release;
		};
		5BE6D9E22833D52C00FD603F /* Debug */ = {
			isa = XCBuildConfiguration;
			buildSettings = {
				ASSETCATALOG_COMPILER_APPICON_NAME = AppIcon;
				ASSETCATALOG_COMPILER_GLOBAL_ACCENT_COLOR_NAME = AccentColor;
				CODE_SIGN_STYLE = Automatic;
				CURRENT_PROJECT_VERSION = 1;
				DEVELOPMENT_TEAM = L8LG57GFZD;
				GENERATE_INFOPLIST_FILE = YES;
				INFOPLIST_FILE = FlickrAPI/Support/Info.plist;
				INFOPLIST_KEY_UIApplicationSupportsIndirectInputEvents = YES;
				INFOPLIST_KEY_UILaunchStoryboardName = LaunchScreen;
				INFOPLIST_KEY_UISupportedInterfaceOrientations = UIInterfaceOrientationPortrait;
				INFOPLIST_KEY_UISupportedInterfaceOrientations_iPad = "UIInterfaceOrientationPortrait UIInterfaceOrientationPortraitUpsideDown UIInterfaceOrientationLandscapeLeft UIInterfaceOrientationLandscapeRight";
				INFOPLIST_KEY_UISupportedInterfaceOrientations_iPhone = "UIInterfaceOrientationPortrait UIInterfaceOrientationLandscapeLeft UIInterfaceOrientationLandscapeRight";
				IPHONEOS_DEPLOYMENT_TARGET = 14.0;
				LD_RUNPATH_SEARCH_PATHS = (
					"$(inherited)",
					"@executable_path/Frameworks",
				);
				MARKETING_VERSION = 1.0;
				PRODUCT_BUNDLE_IDENTIFIER = com.alekseykabishau.FlickrAPI;
				PRODUCT_NAME = "$(TARGET_NAME)";
				SWIFT_EMIT_LOC_STRINGS = YES;
				SWIFT_VERSION = 5.0;
				TARGETED_DEVICE_FAMILY = 1;
			};
			name = Debug;
		};
		5BE6D9E32833D52C00FD603F /* Release */ = {
			isa = XCBuildConfiguration;
			buildSettings = {
				ASSETCATALOG_COMPILER_APPICON_NAME = AppIcon;
				ASSETCATALOG_COMPILER_GLOBAL_ACCENT_COLOR_NAME = AccentColor;
				CODE_SIGN_STYLE = Automatic;
				CURRENT_PROJECT_VERSION = 1;
				DEVELOPMENT_TEAM = L8LG57GFZD;
				GENERATE_INFOPLIST_FILE = YES;
				INFOPLIST_FILE = FlickrAPI/Support/Info.plist;
				INFOPLIST_KEY_UIApplicationSupportsIndirectInputEvents = YES;
				INFOPLIST_KEY_UILaunchStoryboardName = LaunchScreen;
				INFOPLIST_KEY_UISupportedInterfaceOrientations = UIInterfaceOrientationPortrait;
				INFOPLIST_KEY_UISupportedInterfaceOrientations_iPad = "UIInterfaceOrientationPortrait UIInterfaceOrientationPortraitUpsideDown UIInterfaceOrientationLandscapeLeft UIInterfaceOrientationLandscapeRight";
				INFOPLIST_KEY_UISupportedInterfaceOrientations_iPhone = "UIInterfaceOrientationPortrait UIInterfaceOrientationLandscapeLeft UIInterfaceOrientationLandscapeRight";
				IPHONEOS_DEPLOYMENT_TARGET = 14.0;
				LD_RUNPATH_SEARCH_PATHS = (
					"$(inherited)",
					"@executable_path/Frameworks",
				);
				MARKETING_VERSION = 1.0;
				PRODUCT_BUNDLE_IDENTIFIER = com.alekseykabishau.FlickrAPI;
				PRODUCT_NAME = "$(TARGET_NAME)";
				SWIFT_EMIT_LOC_STRINGS = YES;
				SWIFT_VERSION = 5.0;
				TARGETED_DEVICE_FAMILY = 1;
			};
			name = Release;
		};
/* End XCBuildConfiguration section */

/* Begin XCConfigurationList section */
		5BE6D9C82833D52C00FD603F /* Build configuration list for PBXProject "FlickrAPI" */ = {
			isa = XCConfigurationList;
			buildConfigurations = (
				5BE6D9DF2833D52C00FD603F /* Debug */,
				5BE6D9E02833D52C00FD603F /* Release */,
			);
			defaultConfigurationIsVisible = 0;
			defaultConfigurationName = Release;
		};
		5BE6D9E12833D52C00FD603F /* Build configuration list for PBXNativeTarget "FlickrAPI" */ = {
			isa = XCConfigurationList;
			buildConfigurations = (
				5BE6D9E22833D52C00FD603F /* Debug */,
				5BE6D9E32833D52C00FD603F /* Release */,
			);
			defaultConfigurationIsVisible = 0;
			defaultConfigurationName = Release;
		};
/* End XCConfigurationList section */
	};
	rootObject = 5BE6D9C52833D52C00FD603F /* Project object */;
}
